// !$*UTF8*$!
{
	archiveVersion = 1;
	classes = {
	};
	objectVersion = 46;
	objects = {

/* Begin PBXBuildFile section */
		F23E3F201F5E41B000B1C1FD /* AppDelegate.swift in Sources */ = {isa = PBXBuildFile; fileRef = F23E3F1F1F5E41B000B1C1FD /* AppDelegate.swift */; };
		F23E3F221F5E41B000B1C1FD /* ViewController.swift in Sources */ = {isa = PBXBuildFile; fileRef = F23E3F211F5E41B000B1C1FD /* ViewController.swift */; };
		F23E3F251F5E41B000B1C1FD /* Main.storyboard in Resources */ = {isa = PBXBuildFile; fileRef = F23E3F231F5E41B000B1C1FD /* Main.storyboard */; };
		F23E3F271F5E41B000B1C1FD /* Assets.xcassets in Resources */ = {isa = PBXBuildFile; fileRef = F23E3F261F5E41B000B1C1FD /* Assets.xcassets */; };
		F23E3F2A1F5E41B000B1C1FD /* LaunchScreen.storyboard in Resources */ = {isa = PBXBuildFile; fileRef = F23E3F281F5E41B000B1C1FD /* LaunchScreen.storyboard */; };
/* End PBXBuildFile section */

/* Begin PBXFileReference section */
		F23E3F1C1F5E41B000B1C1FD /* name_acceptor.app */ = {isa = PBXFileReference; explicitFileType = wrapper.application; includeInIndex = 0; path = name_acceptor.app; sourceTree = BUILT_PRODUCTS_DIR; };
		F23E3F1F1F5E41B000B1C1FD /* AppDelegate.swift */ = {isa = PBXFileReference; lastKnownFileType = sourcecode.swift; path = AppDelegate.swift; sourceTree = "<group>"; };
		F23E3F211F5E41B000B1C1FD /* ViewController.swift */ = {isa = PBXFileReference; lastKnownFileType = sourcecode.swift; path = ViewController.swift; sourceTree = "<group>"; };
		F23E3F241F5E41B000B1C1FD /* Base */ = {isa = PBXFileReference; lastKnownFileType = file.storyboard; name = Base; path = Base.lproj/Main.storyboard; sourceTree = "<group>"; };
		F23E3F261F5E41B000B1C1FD /* Assets.xcassets */ = {isa = PBXFileReference; lastKnownFileType = folder.assetcatalog; path = Assets.xcassets; sourceTree = "<group>"; };
		F23E3F291F5E41B000B1C1FD /* Base */ = {isa = PBXFileReference; lastKnownFileType = file.storyboard; name = Base; path = Base.lproj/LaunchScreen.storyboard; sourceTree = "<group>"; };
		F23E3F2B1F5E41B000B1C1FD /* Info.plist */ = {isa = PBXFileReference; lastKnownFileType = text.plist.xml; path = Info.plist; sourceTree = "<group>"; };
/* End PBXFileReference section */

/* Begin PBXFrameworksBuildPhase section */
		F23E3F191F5E41B000B1C1FD /* Frameworks */ = {
			isa = PBXFrameworksBuildPhase;
			buildActionMask = 2147483647;
			files = (
			);
			runOnlyForDeploymentPostprocessing = 0;
		};
/* End PBXFrameworksBuildPhase section */

/* Begin PBXGroup section */
		F23E3F131F5E41B000B1C1FD = {
			isa = PBXGroup;
			children = (
				F23E3F1E1F5E41B000B1C1FD /* name_acceptor */,
				F23E3F1D1F5E41B000B1C1FD /* Products */,
			);
			sourceTree = "<group>";
		};
		F23E3F1D1F5E41B000B1C1FD /* Products */ = {
			isa = PBXGroup;
			children = (
				F23E3F1C1F5E41B000B1C1FD /* name_acceptor.app */,
			);
			name = Products;
			sourceTree = "<group>";
		};
		F23E3F1E1F5E41B000B1C1FD /* name_acceptor */ = {
			isa = PBXGroup;
			children = (
				F23E3F1F1F5E41B000B1C1FD /* AppDelegate.swift */,
				F23E3F211F5E41B000B1C1FD /* ViewController.swift */,
				F23E3F231F5E41B000B1C1FD /* Main.storyboard */,
				F23E3F261F5E41B000B1C1FD /* Assets.xcassets */,
				F23E3F281F5E41B000B1C1FD /* LaunchScreen.storyboard */,
				F23E3F2B1F5E41B000B1C1FD /* Info.plist */,
			);
			path = name_acceptor;
			sourceTree = "<group>";
		};
/* End PBXGroup section */

/* Begin PBXNativeTarget section */
		F23E3F1B1F5E41B000B1C1FD /* name_acceptor */ = {
			isa = PBXNativeTarget;
			buildConfigurationList = F23E3F2E1F5E41B000B1C1FD /* Build configuration list for PBXNativeTarget "name_acceptor" */;
			buildPhases = (
				F23E3F181F5E41B000B1C1FD /* Sources */,
				F23E3F191F5E41B000B1C1FD /* Frameworks */,
				F23E3F1A1F5E41B000B1C1FD /* Resources */,
			);
			buildRules = (
			);
			dependencies = (
			);
			name = name_acceptor;
			productName = name_acceptor;
			productReference = F23E3F1C1F5E41B000B1C1FD /* name_acceptor.app */;
			productType = "com.apple.product-type.application";
		};
/* End PBXNativeTarget section */

/* Begin PBXProject section */
		F23E3F141F5E41B000B1C1FD /* Project object */ = {
			isa = PBXProject;
			attributes = {
				LastSwiftUpdateCheck = 0820;
				LastUpgradeCheck = 0820;
				ORGANIZATIONNAME = dreamcatchers;
				TargetAttributes = {
					F23E3F1B1F5E41B000B1C1FD = {
						CreatedOnToolsVersion = 8.2.1;
						ProvisioningStyle = Automatic;
					};
				};
			};
			buildConfigurationList = F23E3F171F5E41B000B1C1FD /* Build configuration list for PBXProject "name_acceptor" */;
			compatibilityVersion = "Xcode 3.2";
			developmentRegion = English;
			hasScannedForEncodings = 0;
			knownRegions = (
				en,
				Base,
			);
			mainGroup = F23E3F131F5E41B000B1C1FD;
			productRefGroup = F23E3F1D1F5E41B000B1C1FD /* Products */;
			projectDirPath = "";
			projectRoot = "";
			targets = (
				F23E3F1B1F5E41B000B1C1FD /* name_acceptor */,
			);
		};
/* End PBXProject section */

/* Begin PBXResourcesBuildPhase section */
		F23E3F1A1F5E41B000B1C1FD /* Resources */ = {
			isa = PBXResourcesBuildPhase;
			buildActionMask = 2147483647;
			files = (
				F23E3F2A1F5E41B000B1C1FD /* LaunchScreen.storyboard in Resources */,
				F23E3F271F5E41B000B1C1FD /* Assets.xcassets in Resources */,
				F23E3F251F5E41B000B1C1FD /* Main.storyboard in Resources */,
			);
			runOnlyForDeploymentPostprocessing = 0;
		};
/* End PBXResourcesBuildPhase section */

/* Begin PBXSourcesBuildPhase section */
		F23E3F181F5E41B000B1C1FD /* Sources */ = {
			isa = PBXSourcesBuildPhase;
			buildActionMask = 2147483647;
			files = (
				F23E3F221F5E41B000B1C1FD /* ViewController.swift in Sources */,
				F23E3F201F5E41B000B1C1FD /* AppDelegate.swift in Sources */,
			);
			runOnlyForDeploymentPostprocessing = 0;
		};
/* End PBXSourcesBuildPhase section */

/* Begin PBXVariantGroup section */
		F23E3F231F5E41B000B1C1FD /* Main.storyboard */ = {
			isa = PBXVariantGroup;
			children = (
				F23E3F241F5E41B000B1C1FD /* Base */,
			);
			name = Main.storyboard;
			sourceTree = "<group>";
		};
		F23E3F281F5E41B000B1C1FD /* LaunchScreen.storyboard */ = {
			isa = PBXVariantGroup;
			children = (
				F23E3F291F5E41B000B1C1FD /* Base */,
			);
			name = LaunchScreen.storyboard;
			sourceTree = "<group>";
		};
/* End PBXVariantGroup section */

/* Begin XCBuildConfiguration section */
		F23E3F2C1F5E41B000B1C1FD /* Debug */ = {
			isa = XCBuildConfiguration;
			buildSettings = {
				ALWAYS_SEARCH_USER_PATHS = NO;
				CLANG_ANALYZER_NONNULL = YES;
				CLANG_CXX_LANGUAGE_STANDARD = "gnu++0x";
				CLANG_CXX_LIBRARY = "libc++";
				CLANG_ENABLE_MODULES = YES;
				CLANG_ENABLE_OBJC_ARC = YES;
				CLANG_WARN_BOOL_CONVERSION = YES;
				CLANG_WARN_CONSTANT_CONVERSION = YES;
				CLANG_WARN_DIRECT_OBJC_ISA_USAGE = YES_ERROR;
				CLANG_WARN_DOCUMENTATION_COMMENTS = YES;
				CLANG_WARN_EMPTY_BODY = YES;
				CLANG_WARN_ENUM_CONVERSION = YES;
				CLANG_WARN_INFINITE_RECURSION = YES;
				CLANG_WARN_INT_CONVERSION = YES;
				CLANG_WARN_OBJC_ROOT_CLASS = YES_ERROR;
				CLANG_WARN_SUSPICIOUS_MOVE = YES;
				CLANG_WARN_UNREACHABLE_CODE = YES;
				CLANG_WARN__DUPLICATE_METHOD_MATCH = YES;
				"CODE_SIGN_IDENTITY[sdk=iphoneos*]" = "iPhone Developer";
				COPY_PHASE_STRIP = NO;
				DEBUG_INFORMATION_FORMAT = dwarf;
				ENABLE_STRICT_OBJC_MSGSEND = YES;
				ENABLE_TESTABILITY = YES;
				GCC_C_LANGUAGE_STANDARD = gnu99;
				GCC_DYNAMIC_NO_PIC = NO;
				GCC_NO_COMMON_BLOCKS = YES;
				GCC_OPTIMIZATION_LEVEL = 0;
				GCC_PREPROCESSOR_DEFINITIONS = (
					"DEBUG=1",
					"$(inherited)",
				);
				GCC_WARN_64_TO_32_BIT_CONVERSION = YES;
				GCC_WARN_ABOUT_RETURN_TYPE = YES_ERROR;
				GCC_WARN_UNDECLARED_SELECTOR = YES;
				GCC_WARN_UNINITIALIZED_AUTOS = YES_AGGRESSIVE;
				GCC_WARN_UNUSED_FUNCTION = YES;
				GCC_WARN_UNUSED_VARIABLE = YES;
				IPHONEOS_DEPLOYMENT_TARGET = 10.2;
				MTL_ENABLE_DEBUG_INFO = YES;
				ONLY_ACTIVE_ARCH = YES;
				SDKROOT = iphoneos;
				SWIFT_ACTIVE_COMPILATION_CONDITIONS = DEBUG;
				SWIFT_OPTIMIZATION_LEVEL = "-Onone";
			};
			name = Debug;
		};
		F23E3F2D1F5E41B000B1C1FD /* Release */ = {
			isa = XCBuildConfiguration;
			buildSettings = {
				ALWAYS_SEARCH_USER_PATHS = NO;
				CLANG_ANALYZER_NONNULL = YES;
				CLANG_CXX_LANGUAGE_STANDARD = "gnu++0x";
				CLANG_CXX_LIBRARY = "libc++";
				CLANG_ENABLE_MODULES = YES;
				CLANG_ENABLE_OBJC_ARC = YES;
				CLANG_WARN_BOOL_CONVERSION = YES;
				CLANG_WARN_CONSTANT_CONVERSION = YES;
				CLANG_WARN_DIRECT_OBJC_ISA_USAGE = YES_ERROR;
				CLANG_WARN_DOCUMENTATION_COMMENTS = YES;
				CLANG_WARN_EMPTY_BODY = YES;
				CLANG_WARN_ENUM_CONVERSION = YES;
				CLANG_WARN_INFINITE_RECURSION = YES;
				CLANG_WARN_INT_CONVERSION = YES;
				CLANG_WARN_OBJC_ROOT_CLASS = YES_ERROR;
				CLANG_WARN_SUSPICIOUS_MOVE = YES;
				CLANG_WARN_UNREACHABLE_CODE = YES;
				CLANG_WARN__DUPLICATE_METHOD_MATCH = YES;
				"CODE_SIGN_IDENTITY[sdk=iphoneos*]" = "iPhone Developer";
				COPY_PHASE_STRIP = NO;
				DEBUG_INFORMATION_FORMAT = "dwarf-with-dsym";
				ENABLE_NS_ASSERTIONS = NO;
				ENABLE_STRICT_OBJC_MSGSEND = YES;
				GCC_C_LANGUAGE_STANDARD = gnu99;
				GCC_NO_COMMON_BLOCKS = YES;
				GCC_WARN_64_TO_32_BIT_CONVERSION = YES;
				GCC_WARN_ABOUT_RETURN_TYPE = YES_ERROR;
				GCC_WARN_UNDECLARED_SELECTOR = YES;
				GCC_WARN_UNINITIALIZED_AUTOS = YES_AGGRESSIVE;
				GCC_WARN_UNUSED_FUNCTION = YES;
				GCC_WARN_UNUSED_VARIABLE = YES;
				IPHONEOS_DEPLOYMENT_TARGET = 10.2;
				MTL_ENABLE_DEBUG_INFO = NO;
				SDKROOT = iphoneos;
				SWIFT_OPTIMIZATION_LEVEL = "-Owholemodule";
				VALIDATE_PRODUCT = YES;
			};
			name = Release;
		};
		F23E3F2F1F5E41B000B1C1FD /* Debug */ = {
			isa = XCBuildConfiguration;
			buildSettings = {
				ASSETCATALOG_COMPILER_APPICON_NAME = AppIcon;
				INFOPLIST_FILE = name_acceptor/Info.plist;
				LD_RUNPATH_SEARCH_PATHS = "$(inherited) @executable_path/Frameworks";
				PRODUCT_BUNDLE_IDENTIFIER = "com.dreamcatchers.name-acceptor";
				PRODUCT_NAME = "$(TARGET_NAME)";
				SWIFT_VERSION = 3.0;
			};
			name = Debug;
		};
		F23E3F301F5E41B000B1C1FD /* Release */ = {
			isa = XCBuildConfiguration;
			buildSettings = {
				ASSETCATALOG_COMPILER_APPICON_NAME = AppIcon;
				INFOPLIST_FILE = name_acceptor/Info.plist;
				LD_RUNPATH_SEARCH_PATHS = "$(inherited) @executable_path/Frameworks";
				PRODUCT_BUNDLE_IDENTIFIER = "com.dreamcatchers.name-acceptor";
				PRODUCT_NAME = "$(TARGET_NAME)";
				SWIFT_VERSION = 3.0;
			};
			name = Release;
		};
/* End XCBuildConfiguration section */

/* Begin XCConfigurationList section */
		F23E3F171F5E41B000B1C1FD /* Build configuration list for PBXProject "name_acceptor" */ = {
			isa = XCConfigurationList;
			buildConfigurations = (
				F23E3F2C1F5E41B000B1C1FD /* Debug */,
				F23E3F2D1F5E41B000B1C1FD /* Release */,
			);
			defaultConfigurationIsVisible = 0;
			defaultConfigurationName = Release;
		};
		F23E3F2E1F5E41B000B1C1FD /* Build configuration list for PBXNativeTarget "name_acceptor" */ = {
			isa = XCConfigurationList;
			buildConfigurations = (
				F23E3F2F1F5E41B000B1C1FD /* Debug */,
				F23E3F301F5E41B000B1C1FD /* Release */,
			);
			defaultConfigurationIsVisible = 0;
		};
/* End XCConfigurationList section */
	};
	rootObject = F23E3F141F5E41B000B1C1FD /* Project object */;
}
