// !$*UTF8*$!
{
	archiveVersion = 1;
	classes = {
	};
	objectVersion = 46;
	objects = {

/* Begin PBXBuildFile section */
		3C3277741F786D0B004640AD /* AppDelegate.swift in Sources */ = {isa = PBXBuildFile; fileRef = 3C3277731F786D0B004640AD /* AppDelegate.swift */; };
		3C3277761F786D0B004640AD /* ViewController.swift in Sources */ = {isa = PBXBuildFile; fileRef = 3C3277751F786D0B004640AD /* ViewController.swift */; };
		3C3277791F786D0B004640AD /* Main.storyboard in Resources */ = {isa = PBXBuildFile; fileRef = 3C3277771F786D0B004640AD /* Main.storyboard */; };
		3C32777B1F786D0B004640AD /* Assets.xcassets in Resources */ = {isa = PBXBuildFile; fileRef = 3C32777A1F786D0B004640AD /* Assets.xcassets */; };
		3C32777E1F786D0B004640AD /* LaunchScreen.storyboard in Resources */ = {isa = PBXBuildFile; fileRef = 3C32777C1F786D0B004640AD /* LaunchScreen.storyboard */; };
/* End PBXBuildFile section */

/* Begin PBXFileReference section */
		3C3277701F786D0B004640AD /* DotViewerBeta.app */ = {isa = PBXFileReference; explicitFileType = wrapper.application; includeInIndex = 0; path = DotViewerBeta.app; sourceTree = BUILT_PRODUCTS_DIR; };
		3C3277731F786D0B004640AD /* AppDelegate.swift */ = {isa = PBXFileReference; lastKnownFileType = sourcecode.swift; path = AppDelegate.swift; sourceTree = "<group>"; };
		3C3277751F786D0B004640AD /* ViewController.swift */ = {isa = PBXFileReference; lastKnownFileType = sourcecode.swift; path = ViewController.swift; sourceTree = "<group>"; };
		3C3277781F786D0B004640AD /* Base */ = {isa = PBXFileReference; lastKnownFileType = file.storyboard; name = Base; path = Base.lproj/Main.storyboard; sourceTree = "<group>"; };
		3C32777A1F786D0B004640AD /* Assets.xcassets */ = {isa = PBXFileReference; lastKnownFileType = folder.assetcatalog; path = Assets.xcassets; sourceTree = "<group>"; };
		3C32777D1F786D0B004640AD /* Base */ = {isa = PBXFileReference; lastKnownFileType = file.storyboard; name = Base; path = Base.lproj/LaunchScreen.storyboard; sourceTree = "<group>"; };
		3C32777F1F786D0B004640AD /* Info.plist */ = {isa = PBXFileReference; lastKnownFileType = text.plist.xml; path = Info.plist; sourceTree = "<group>"; };
/* End PBXFileReference section */

/* Begin PBXFrameworksBuildPhase section */
		3C32776D1F786D0B004640AD /* Frameworks */ = {
			isa = PBXFrameworksBuildPhase;
			buildActionMask = 2147483647;
			files = (
			);
			runOnlyForDeploymentPostprocessing = 0;
		};
/* End PBXFrameworksBuildPhase section */

/* Begin PBXGroup section */
		3C3277671F786D0B004640AD = {
			isa = PBXGroup;
			children = (
				3C3277721F786D0B004640AD /* DotViewerBeta */,
				3C3277711F786D0B004640AD /* Products */,
			);
			sourceTree = "<group>";
		};
		3C3277711F786D0B004640AD /* Products */ = {
			isa = PBXGroup;
			children = (
				3C3277701F786D0B004640AD /* DotViewerBeta.app */,
			);
			name = Products;
			sourceTree = "<group>";
		};
		3C3277721F786D0B004640AD /* DotViewerBeta */ = {
			isa = PBXGroup;
			children = (
				3C3277731F786D0B004640AD /* AppDelegate.swift */,
				3C3277751F786D0B004640AD /* ViewController.swift */,
				3C3277771F786D0B004640AD /* Main.storyboard */,
				3C32777A1F786D0B004640AD /* Assets.xcassets */,
				3C32777C1F786D0B004640AD /* LaunchScreen.storyboard */,
				3C32777F1F786D0B004640AD /* Info.plist */,
			);
			path = DotViewerBeta;
			sourceTree = "<group>";
		};
/* End PBXGroup section */

/* Begin PBXNativeTarget section */
		3C32776F1F786D0B004640AD /* DotViewerBeta */ = {
			isa = PBXNativeTarget;
			buildConfigurationList = 3C3277821F786D0B004640AD /* Build configuration list for PBXNativeTarget "DotViewerBeta" */;
			buildPhases = (
				3C32776C1F786D0B004640AD /* Sources */,
				3C32776D1F786D0B004640AD /* Frameworks */,
				3C32776E1F786D0B004640AD /* Resources */,
			);
			buildRules = (
			);
			dependencies = (
			);
			name = DotViewerBeta;
			productName = DotViewerBeta;
			productReference = 3C3277701F786D0B004640AD /* DotViewerBeta.app */;
			productType = "com.apple.product-type.application";
		};
/* End PBXNativeTarget section */

/* Begin PBXProject section */
		3C3277681F786D0B004640AD /* Project object */ = {
			isa = PBXProject;
			attributes = {
				LastSwiftUpdateCheck = 0830;
				LastUpgradeCheck = 0830;
				ORGANIZATIONNAME = "Henry Stahl";
				TargetAttributes = {
					3C32776F1F786D0B004640AD = {
						CreatedOnToolsVersion = 8.3.3;
						ProvisioningStyle = Automatic;
					};
				};
			};
			buildConfigurationList = 3C32776B1F786D0B004640AD /* Build configuration list for PBXProject "DotViewerBeta" */;
			compatibilityVersion = "Xcode 3.2";
			developmentRegion = English;
			hasScannedForEncodings = 0;
			knownRegions = (
				en,
				Base,
			);
			mainGroup = 3C3277671F786D0B004640AD;
			productRefGroup = 3C3277711F786D0B004640AD /* Products */;
			projectDirPath = "";
			projectRoot = "";
			targets = (
				3C32776F1F786D0B004640AD /* DotViewerBeta */,
			);
		};
/* End PBXProject section */

/* Begin PBXResourcesBuildPhase section */
		3C32776E1F786D0B004640AD /* Resources */ = {
			isa = PBXResourcesBuildPhase;
			buildActionMask = 2147483647;
			files = (
				3C32777E1F786D0B004640AD /* LaunchScreen.storyboard in Resources */,
				3C32777B1F786D0B004640AD /* Assets.xcassets in Resources */,
				3C3277791F786D0B004640AD /* Main.storyboard in Resources */,
			);
			runOnlyForDeploymentPostprocessing = 0;
		};
/* End PBXResourcesBuildPhase section */

/* Begin PBXSourcesBuildPhase section */
		3C32776C1F786D0B004640AD /* Sources */ = {
			isa = PBXSourcesBuildPhase;
			buildActionMask = 2147483647;
			files = (
				3C3277761F786D0B004640AD /* ViewController.swift in Sources */,
				3C3277741F786D0B004640AD /* AppDelegate.swift in Sources */,
			);
			runOnlyForDeploymentPostprocessing = 0;
		};
/* End PBXSourcesBuildPhase section */

/* Begin PBXVariantGroup section */
		3C3277771F786D0B004640AD /* Main.storyboard */ = {
			isa = PBXVariantGroup;
			children = (
				3C3277781F786D0B004640AD /* Base */,
			);
			name = Main.storyboard;
			sourceTree = "<group>";
		};
		3C32777C1F786D0B004640AD /* LaunchScreen.storyboard */ = {
			isa = PBXVariantGroup;
			children = (
				3C32777D1F786D0B004640AD /* Base */,
			);
			name = LaunchScreen.storyboard;
			sourceTree = "<group>";
		};
/* End PBXVariantGroup section */

/* Begin XCBuildConfiguration section */
		3C3277801F786D0B004640AD /* Debug */ = {
			isa = XCBuildConfiguration;
			buildSettings = {
				ALWAYS_SEARCH_USER_PATHS = NO;
				CLANG_ANALYZER_NONNULL = YES;
				CLANG_ANALYZER_NUMBER_OBJECT_CONVERSION = YES_AGGRESSIVE;
				CLANG_CXX_LANGUAGE_STANDARD = "gnu++0x";
				CLANG_CXX_LIBRARY = "libc++";
				CLANG_ENABLE_MODULES = YES;
				CLANG_ENABLE_OBJC_ARC = YES;
				CLANG_WARN_BOOL_CONVERSION = YES;
				CLANG_WARN_CONSTANT_CONVERSION = YES;
				CLANG_WARN_DIRECT_OBJC_ISA_USAGE = YES_ERROR;
				CLANG_WARN_DOCUMENTATION_COMMENTS = YES;
				CLANG_WARN_EMPTY_BODY = YES;
				CLANG_WARN_ENUM_CONVERSION = YES;
				CLANG_WARN_INFINITE_RECURSION = YES;
				CLANG_WARN_INT_CONVERSION = YES;
				CLANG_WARN_OBJC_ROOT_CLASS = YES_ERROR;
				CLANG_WARN_SUSPICIOUS_MOVE = YES;
				CLANG_WARN_UNREACHABLE_CODE = YES;
				CLANG_WARN__DUPLICATE_METHOD_MATCH = YES;
				"CODE_SIGN_IDENTITY[sdk=iphoneos*]" = "iPhone Developer";
				COPY_PHASE_STRIP = NO;
				DEBUG_INFORMATION_FORMAT = dwarf;
				ENABLE_STRICT_OBJC_MSGSEND = YES;
				ENABLE_TESTABILITY = YES;
				GCC_C_LANGUAGE_STANDARD = gnu99;
				GCC_DYNAMIC_NO_PIC = NO;
				GCC_NO_COMMON_BLOCKS = YES;
				GCC_OPTIMIZATION_LEVEL = 0;
				GCC_PREPROCESSOR_DEFINITIONS = (
					"DEBUG=1",
					"$(inherited)",
				);
				GCC_WARN_64_TO_32_BIT_CONVERSION = YES;
				GCC_WARN_ABOUT_RETURN_TYPE = YES_ERROR;
				GCC_WARN_UNDECLARED_SELECTOR = YES;
				GCC_WARN_UNINITIALIZED_AUTOS = YES_AGGRESSIVE;
				GCC_WARN_UNUSED_FUNCTION = YES;
				GCC_WARN_UNUSED_VARIABLE = YES;
				IPHONEOS_DEPLOYMENT_TARGET = 10.3;
				MTL_ENABLE_DEBUG_INFO = YES;
				ONLY_ACTIVE_ARCH = YES;
				SDKROOT = iphoneos;
				SWIFT_ACTIVE_COMPILATION_CONDITIONS = DEBUG;
				SWIFT_OPTIMIZATION_LEVEL = "-Onone";
				TARGETED_DEVICE_FAMILY = 2;
			};
			name = Debug;
		};
		3C3277811F786D0B004640AD /* Release */ = {
			isa = XCBuildConfiguration;
			buildSettings = {
				ALWAYS_SEARCH_USER_PATHS = NO;
				CLANG_ANALYZER_NONNULL = YES;
				CLANG_ANALYZER_NUMBER_OBJECT_CONVERSION = YES_AGGRESSIVE;
				CLANG_CXX_LANGUAGE_STANDARD = "gnu++0x";
				CLANG_CXX_LIBRARY = "libc++";
				CLANG_ENABLE_MODULES = YES;
				CLANG_ENABLE_OBJC_ARC = YES;
				CLANG_WARN_BOOL_CONVERSION = YES;
				CLANG_WARN_CONSTANT_CONVERSION = YES;
				CLANG_WARN_DIRECT_OBJC_ISA_USAGE = YES_ERROR;
				CLANG_WARN_DOCUMENTATION_COMMENTS = YES;
				CLANG_WARN_EMPTY_BODY = YES;
				CLANG_WARN_ENUM_CONVERSION = YES;
				CLANG_WARN_INFINITE_RECURSION = YES;
				CLANG_WARN_INT_CONVERSION = YES;
				CLANG_WARN_OBJC_ROOT_CLASS = YES_ERROR;
				CLANG_WARN_SUSPICIOUS_MOVE = YES;
				CLANG_WARN_UNREACHABLE_CODE = YES;
				CLANG_WARN__DUPLICATE_METHOD_MATCH = YES;
				"CODE_SIGN_IDENTITY[sdk=iphoneos*]" = "iPhone Developer";
				COPY_PHASE_STRIP = NO;
				DEBUG_INFORMATION_FORMAT = "dwarf-with-dsym";
				ENABLE_NS_ASSERTIONS = NO;
				ENABLE_STRICT_OBJC_MSGSEND = YES;
				GCC_C_LANGUAGE_STANDARD = gnu99;
				GCC_NO_COMMON_BLOCKS = YES;
				GCC_WARN_64_TO_32_BIT_CONVERSION = YES;
				GCC_WARN_ABOUT_RETURN_TYPE = YES_ERROR;
				GCC_WARN_UNDECLARED_SELECTOR = YES;
				GCC_WARN_UNINITIALIZED_AUTOS = YES_AGGRESSIVE;
				GCC_WARN_UNUSED_FUNCTION = YES;
				GCC_WARN_UNUSED_VARIABLE = YES;
				IPHONEOS_DEPLOYMENT_TARGET = 10.3;
				MTL_ENABLE_DEBUG_INFO = NO;
				SDKROOT = iphoneos;
				SWIFT_OPTIMIZATION_LEVEL = "-Owholemodule";
				TARGETED_DEVICE_FAMILY = 2;
				VALIDATE_PRODUCT = YES;
			};
			name = Release;
		};
		3C3277831F786D0B004640AD /* Debug */ = {
			isa = XCBuildConfiguration;
			buildSettings = {
				ASSETCATALOG_COMPILER_APPICON_NAME = AppIcon;
				INFOPLIST_FILE = DotViewerBeta/Info.plist;
				LD_RUNPATH_SEARCH_PATHS = "$(inherited) @executable_path/Frameworks";
				PRODUCT_BUNDLE_IDENTIFIER = com.htstahl.DotViewerBeta;
				PRODUCT_NAME = "$(TARGET_NAME)";
				SWIFT_VERSION = 3.0;
			};
			name = Debug;
		};
		3C3277841F786D0B004640AD /* Release */ = {
			isa = XCBuildConfiguration;
			buildSettings = {
				ASSETCATALOG_COMPILER_APPICON_NAME = AppIcon;
				INFOPLIST_FILE = DotViewerBeta/Info.plist;
				LD_RUNPATH_SEARCH_PATHS = "$(inherited) @executable_path/Frameworks";
				PRODUCT_BUNDLE_IDENTIFIER = com.htstahl.DotViewerBeta;
				PRODUCT_NAME = "$(TARGET_NAME)";
				SWIFT_VERSION = 3.0;
			};
			name = Release;
		};
/* End XCBuildConfiguration section */

/* Begin XCConfigurationList section */
		3C32776B1F786D0B004640AD /* Build configuration list for PBXProject "DotViewerBeta" */ = {
			isa = XCConfigurationList;
			buildConfigurations = (
				3C3277801F786D0B004640AD /* Debug */,
				3C3277811F786D0B004640AD /* Release */,
			);
			defaultConfigurationIsVisible = 0;
			defaultConfigurationName = Release;
		};
		3C3277821F786D0B004640AD /* Build configuration list for PBXNativeTarget "DotViewerBeta" */ = {
			isa = XCConfigurationList;
			buildConfigurations = (
				3C3277831F786D0B004640AD /* Debug */,
				3C3277841F786D0B004640AD /* Release */,
			);
			defaultConfigurationIsVisible = 0;
		};
/* End XCConfigurationList section */
	};
	rootObject = 3C3277681F786D0B004640AD /* Project object */;
}
